// !$*UTF8*$!
{
	archiveVersion = 1;
	classes = {
	};
	objectVersion = 56;
	objects = {

/* Begin PBXBuildFile section */
		EEA792512CF85D7E00E81068 /* 混蛋使徒.mp3 in Resources */ = {isa = PBXBuildFile; fileRef = EEA7924D2CF85D7E00E81068 /* 混蛋使徒.mp3 */; };
		EEA792522CF85D7E00E81068 /* 極端理想.mp3 in Resources */ = {isa = PBXBuildFile; fileRef = EEA7924E2CF85D7E00E81068 /* 極端理想.mp3 */; };
		EEA792532CF85D7E00E81068 /* Carry On.mp3 in Resources */ = {isa = PBXBuildFile; fileRef = EEA792502CF85D7E00E81068 /* Carry On.mp3 */; };
		EEA792542CF85D7E00E81068 /* 頌.mp3 in Resources */ = {isa = PBXBuildFile; fileRef = EEA7924F2CF85D7E00E81068 /* 頌.mp3 */; };
		FC1C929629D825CD00EA0BC1 /* AppDelegate.swift in Sources */ = {isa = PBXBuildFile; fileRef = FC1C929529D825CD00EA0BC1 /* AppDelegate.swift */; };
		FC1C929829D825CD00EA0BC1 /* SceneDelegate.swift in Sources */ = {isa = PBXBuildFile; fileRef = FC1C929729D825CD00EA0BC1 /* SceneDelegate.swift */; };
		FC1C929D29D825CD00EA0BC1 /* Main.storyboard in Resources */ = {isa = PBXBuildFile; fileRef = FC1C929B29D825CD00EA0BC1 /* Main.storyboard */; };
		FC1C929F29D825CE00EA0BC1 /* Assets.xcassets in Resources */ = {isa = PBXBuildFile; fileRef = FC1C929E29D825CE00EA0BC1 /* Assets.xcassets */; };
		FC1C92A229D825CE00EA0BC1 /* LaunchScreen.storyboard in Resources */ = {isa = PBXBuildFile; fileRef = FC1C92A029D825CE00EA0BC1 /* LaunchScreen.storyboard */; };
		FCA9C08E29D916DC000C4A8E /* SongAppViewController.swift in Sources */ = {isa = PBXBuildFile; fileRef = FCA9C08D29D916DC000C4A8E /* SongAppViewController.swift */; };
		FCA9C09229D917B6000C4A8E /* SongInfo.swift in Sources */ = {isa = PBXBuildFile; fileRef = FCA9C09129D917B6000C4A8E /* SongInfo.swift */; };
/* End PBXBuildFile section */

/* Begin PBXFileReference section */
		EEA7924D2CF85D7E00E81068 /* 混蛋使徒.mp3 */ = {isa = PBXFileReference; lastKnownFileType = audio.mp3; path = "混蛋使徒.mp3"; sourceTree = "<group>"; };
		EEA7924E2CF85D7E00E81068 /* 極端理想.mp3 */ = {isa = PBXFileReference; lastKnownFileType = audio.mp3; path = "極端理想.mp3"; sourceTree = "<group>"; };
		EEA7924F2CF85D7E00E81068 /* 頌.mp3 */ = {isa = PBXFileReference; lastKnownFileType = audio.mp3; path = "頌.mp3"; sourceTree = "<group>"; };
		EEA792502CF85D7E00E81068 /* Carry On.mp3 */ = {isa = PBXFileReference; lastKnownFileType = audio.mp3; path = "Carry On.mp3"; sourceTree = "<group>"; };
		FC1C929229D825CD00EA0BC1 /* bonus4.app */ = {isa = PBXFileReference; explicitFileType = wrapper.application; includeInIndex = 0; path = bonus4.app; sourceTree = BUILT_PRODUCTS_DIR; };
		FC1C929529D825CD00EA0BC1 /* AppDelegate.swift */ = {isa = PBXFileReference; lastKnownFileType = sourcecode.swift; path = AppDelegate.swift; sourceTree = "<group>"; };
		FC1C929729D825CD00EA0BC1 /* SceneDelegate.swift */ = {isa = PBXFileReference; lastKnownFileType = sourcecode.swift; path = SceneDelegate.swift; sourceTree = "<group>"; };
		FC1C929C29D825CD00EA0BC1 /* Base */ = {isa = PBXFileReference; lastKnownFileType = file.storyboard; name = Base; path = Base.lproj/Main.storyboard; sourceTree = "<group>"; };
		FC1C929E29D825CE00EA0BC1 /* Assets.xcassets */ = {isa = PBXFileReference; lastKnownFileType = folder.assetcatalog; path = Assets.xcassets; sourceTree = "<group>"; };
		FC1C92A129D825CE00EA0BC1 /* Base */ = {isa = PBXFileReference; lastKnownFileType = file.storyboard; name = Base; path = Base.lproj/LaunchScreen.storyboard; sourceTree = "<group>"; };
		FC1C92A329D825CE00EA0BC1 /* Info.plist */ = {isa = PBXFileReference; lastKnownFileType = text.plist.xml; path = Info.plist; sourceTree = "<group>"; };
		FCA9C08D29D916DC000C4A8E /* SongAppViewController.swift */ = {isa = PBXFileReference; lastKnownFileType = sourcecode.swift; path = SongAppViewController.swift; sourceTree = "<group>"; };
		FCA9C09129D917B6000C4A8E /* SongInfo.swift */ = {isa = PBXFileReference; lastKnownFileType = sourcecode.swift; path = SongInfo.swift; sourceTree = "<group>"; };
/* End PBXFileReference section */

/* Begin PBXFrameworksBuildPhase section */
		FC1C928F29D825CD00EA0BC1 /* Frameworks */ = {
			isa = PBXFrameworksBuildPhase;
			buildActionMask = 2147483647;
			files = (
			);
			runOnlyForDeploymentPostprocessing = 0;
		};
/* End PBXFrameworksBuildPhase section */

/* Begin PBXGroup section */
		FC1C928929D825CD00EA0BC1 = {
			isa = PBXGroup;
			children = (
				FC1C929429D825CD00EA0BC1 /* musicPlayer */,
				FC1C929329D825CD00EA0BC1 /* Products */,
			);
			sourceTree = "<group>";
		};
		FC1C929329D825CD00EA0BC1 /* Products */ = {
			isa = PBXGroup;
			children = (
				FC1C929229D825CD00EA0BC1 /* bonus4.app */,
			);
			name = Products;
			sourceTree = "<group>";
		};
		FC1C929429D825CD00EA0BC1 /* musicPlayer */ = {
			isa = PBXGroup;
			children = (
				FC1C929529D825CD00EA0BC1 /* AppDelegate.swift */,
				FC1C929729D825CD00EA0BC1 /* SceneDelegate.swift */,
				FC1C929B29D825CD00EA0BC1 /* Main.storyboard */,
				FCA9C09129D917B6000C4A8E /* SongInfo.swift */,
				FCA9C08D29D916DC000C4A8E /* SongAppViewController.swift */,
				FC1C929E29D825CE00EA0BC1 /* Assets.xcassets */,
				FC1C92A029D825CE00EA0BC1 /* LaunchScreen.storyboard */,
				FC1C92A329D825CE00EA0BC1 /* Info.plist */,
				EEA7924D2CF85D7E00E81068 /* 混蛋使徒.mp3 */,
				EEA7924E2CF85D7E00E81068 /* 極端理想.mp3 */,
				EEA7924F2CF85D7E00E81068 /* 頌.mp3 */,
				EEA792502CF85D7E00E81068 /* Carry On.mp3 */,
			);
			path = musicPlayer;
			sourceTree = "<group>";
		};
/* End PBXGroup section */

/* Begin PBXNativeTarget section */
		FC1C929129D825CD00EA0BC1 /* bonus4 */ = {
			isa = PBXNativeTarget;
			buildConfigurationList = FC1C92A629D825CE00EA0BC1 /* Build configuration list for PBXNativeTarget "bonus4" */;
			buildPhases = (
				FC1C928E29D825CD00EA0BC1 /* Sources */,
				FC1C928F29D825CD00EA0BC1 /* Frameworks */,
				FC1C929029D825CD00EA0BC1 /* Resources */,
			);
			buildRules = (
			);
			dependencies = (
			);
			name = bonus4;
			productName = musicPlayer;
			productReference = FC1C929229D825CD00EA0BC1 /* bonus4.app */;
			productType = "com.apple.product-type.application";
		};
/* End PBXNativeTarget section */

/* Begin PBXProject section */
		FC1C928A29D825CD00EA0BC1 /* Project object */ = {
			isa = PBXProject;
			attributes = {
				BuildIndependentTargetsInParallel = 1;
				LastSwiftUpdateCheck = 1420;
				LastUpgradeCheck = 1420;
				TargetAttributes = {
					FC1C929129D825CD00EA0BC1 = {
						CreatedOnToolsVersion = 14.2;
					};
				};
			};
			buildConfigurationList = FC1C928D29D825CD00EA0BC1 /* Build configuration list for PBXProject "bonus4" */;
			compatibilityVersion = "Xcode 14.0";
			developmentRegion = en;
			hasScannedForEncodings = 0;
			knownRegions = (
				en,
				Base,
			);
			mainGroup = FC1C928929D825CD00EA0BC1;
			productRefGroup = FC1C929329D825CD00EA0BC1 /* Products */;
			projectDirPath = "";
			projectRoot = "";
			targets = (
				FC1C929129D825CD00EA0BC1 /* bonus4 */,
			);
		};
/* End PBXProject section */

/* Begin PBXResourcesBuildPhase section */
		FC1C929029D825CD00EA0BC1 /* Resources */ = {
			isa = PBXResourcesBuildPhase;
			buildActionMask = 2147483647;
			files = (
				FC1C92A229D825CE00EA0BC1 /* LaunchScreen.storyboard in Resources */,
				EEA792512CF85D7E00E81068 /* 混蛋使徒.mp3 in Resources */,
				EEA792522CF85D7E00E81068 /* 極端理想.mp3 in Resources */,
				EEA792532CF85D7E00E81068 /* Carry On.mp3 in Resources */,
				EEA792542CF85D7E00E81068 /* 頌.mp3 in Resources */,
				FC1C929F29D825CE00EA0BC1 /* Assets.xcassets in Resources */,
				FC1C929D29D825CD00EA0BC1 /* Main.storyboard in Resources */,
			);
			runOnlyForDeploymentPostprocessing = 0;
		};
/* End PBXResourcesBuildPhase section */

/* Begin PBXSourcesBuildPhase section */
		FC1C928E29D825CD00EA0BC1 /* Sources */ = {
			isa = PBXSourcesBuildPhase;
			buildActionMask = 2147483647;
			files = (
				FCA9C09229D917B6000C4A8E /* SongInfo.swift in Sources */,
				FC1C929629D825CD00EA0BC1 /* AppDelegate.swift in Sources */,
				FCA9C08E29D916DC000C4A8E /* SongAppViewController.swift in Sources */,
				FC1C929829D825CD00EA0BC1 /* SceneDelegate.swift in Sources */,
			);
			runOnlyForDeploymentPostprocessing = 0;
		};
/* End PBXSourcesBuildPhase section */

/* Begin PBXVariantGroup section */
		FC1C929B29D825CD00EA0BC1 /* Main.storyboard */ = {
			isa = PBXVariantGroup;
			children = (
				FC1C929C29D825CD00EA0BC1 /* Base */,
			);
			name = Main.storyboard;
			sourceTree = "<group>";
		};
		FC1C92A029D825CE00EA0BC1 /* LaunchScreen.storyboard */ = {
			isa = PBXVariantGroup;
			children = (
				FC1C92A129D825CE00EA0BC1 /* Base */,
			);
			name = LaunchScreen.storyboard;
			sourceTree = "<group>";
		};
/* End PBXVariantGroup section */

/* Begin XCBuildConfiguration section */
		FC1C92A429D825CE00EA0BC1 /* Debug */ = {
			isa = XCBuildConfiguration;
			buildSettings = {
				ALWAYS_SEARCH_USER_PATHS = NO;
				CLANG_ANALYZER_NONNULL = YES;
				CLANG_ANALYZER_NUMBER_OBJECT_CONVERSION = YES_AGGRESSIVE;
				CLANG_CXX_LANGUAGE_STANDARD = "gnu++20";
				CLANG_ENABLE_MODULES = YES;
				CLANG_ENABLE_OBJC_ARC = YES;
				CLANG_ENABLE_OBJC_WEAK = YES;
				CLANG_WARN_BLOCK_CAPTURE_AUTORELEASING = YES;
				CLANG_WARN_BOOL_CONVERSION = YES;
				CLANG_WARN_COMMA = YES;
				CLANG_WARN_CONSTANT_CONVERSION = YES;
				CLANG_WARN_DEPRECATED_OBJC_IMPLEMENTATIONS = YES;
				CLANG_WARN_DIRECT_OBJC_ISA_USAGE = YES_ERROR;
				CLANG_WARN_DOCUMENTATION_COMMENTS = YES;
				CLANG_WARN_EMPTY_BODY = YES;
				CLANG_WARN_ENUM_CONVERSION = YES;
				CLANG_WARN_INFINITE_RECURSION = YES;
				CLANG_WARN_INT_CONVERSION = YES;
				CLANG_WARN_NON_LITERAL_NULL_CONVERSION = YES;
				CLANG_WARN_OBJC_IMPLICIT_RETAIN_SELF = YES;
				CLANG_WARN_OBJC_LITERAL_CONVERSION = YES;
				CLANG_WARN_OBJC_ROOT_CLASS = YES_ERROR;
				CLANG_WARN_QUOTED_INCLUDE_IN_FRAMEWORK_HEADER = YES;
				CLANG_WARN_RANGE_LOOP_ANALYSIS = YES;
				CLANG_WARN_STRICT_PROTOTYPES = YES;
				CLANG_WARN_SUSPICIOUS_MOVE = YES;
				CLANG_WARN_UNGUARDED_AVAILABILITY = YES_AGGRESSIVE;
				CLANG_WARN_UNREACHABLE_CODE = YES;
				CLANG_WARN__DUPLICATE_METHOD_MATCH = YES;
				COPY_PHASE_STRIP = NO;
				DEBUG_INFORMATION_FORMAT = dwarf;
				ENABLE_STRICT_OBJC_MSGSEND = YES;
				ENABLE_TESTABILITY = YES;
				GCC_C_LANGUAGE_STANDARD = gnu11;
				GCC_DYNAMIC_NO_PIC = NO;
				GCC_NO_COMMON_BLOCKS = YES;
				GCC_OPTIMIZATION_LEVEL = 0;
				GCC_PREPROCESSOR_DEFINITIONS = (
					"DEBUG=1",
					"$(inherited)",
				);
				GCC_WARN_64_TO_32_BIT_CONVERSION = YES;
				GCC_WARN_ABOUT_RETURN_TYPE = YES_ERROR;
				GCC_WARN_UNDECLARED_SELECTOR = YES;
				GCC_WARN_UNINITIALIZED_AUTOS = YES_AGGRESSIVE;
				GCC_WARN_UNUSED_FUNCTION = YES;
				GCC_WARN_UNUSED_VARIABLE = YES;
				IPHONEOS_DEPLOYMENT_TARGET = 16.2;
				MTL_ENABLE_DEBUG_INFO = INCLUDE_SOURCE;
				MTL_FAST_MATH = YES;
				ONLY_ACTIVE_ARCH = YES;
				SDKROOT = iphoneos;
				SWIFT_ACTIVE_COMPILATION_CONDITIONS = DEBUG;
				SWIFT_OPTIMIZATION_LEVEL = "-Onone";
			};
			name = Debug;
		};
		FC1C92A529D825CE00EA0BC1 /* Release */ = {
			isa = XCBuildConfiguration;
			buildSettings = {
				ALWAYS_SEARCH_USER_PATHS = NO;
				CLANG_ANALYZER_NONNULL = YES;
				CLANG_ANALYZER_NUMBER_OBJECT_CONVERSION = YES_AGGRESSIVE;
				CLANG_CXX_LANGUAGE_STANDARD = "gnu++20";
				CLANG_ENABLE_MODULES = YES;
				CLANG_ENABLE_OBJC_ARC = YES;
				CLANG_ENABLE_OBJC_WEAK = YES;
				CLANG_WARN_BLOCK_CAPTURE_AUTORELEASING = YES;
				CLANG_WARN_BOOL_CONVERSION = YES;
				CLANG_WARN_COMMA = YES;
				CLANG_WARN_CONSTANT_CONVERSION = YES;
				CLANG_WARN_DEPRECATED_OBJC_IMPLEMENTATIONS = YES;
				CLANG_WARN_DIRECT_OBJC_ISA_USAGE = YES_ERROR;
				CLANG_WARN_DOCUMENTATION_COMMENTS = YES;
				CLANG_WARN_EMPTY_BODY = YES;
				CLANG_WARN_ENUM_CONVERSION = YES;
				CLANG_WARN_INFINITE_RECURSION = YES;
				CLANG_WARN_INT_CONVERSION = YES;
				CLANG_WARN_NON_LITERAL_NULL_CONVERSION = YES;
				CLANG_WARN_OBJC_IMPLICIT_RETAIN_SELF = YES;
				CLANG_WARN_OBJC_LITERAL_CONVERSION = YES;
				CLANG_WARN_OBJC_ROOT_CLASS = YES_ERROR;
				CLANG_WARN_QUOTED_INCLUDE_IN_FRAMEWORK_HEADER = YES;
				CLANG_WARN_RANGE_LOOP_ANALYSIS = YES;
				CLANG_WARN_STRICT_PROTOTYPES = YES;
				CLANG_WARN_SUSPICIOUS_MOVE = YES;
				CLANG_WARN_UNGUARDED_AVAILABILITY = YES_AGGRESSIVE;
				CLANG_WARN_UNREACHABLE_CODE = YES;
				CLANG_WARN__DUPLICATE_METHOD_MATCH = YES;
				COPY_PHASE_STRIP = NO;
				DEBUG_INFORMATION_FORMAT = "dwarf-with-dsym";
				ENABLE_NS_ASSERTIONS = NO;
				ENABLE_STRICT_OBJC_MSGSEND = YES;
				GCC_C_LANGUAGE_STANDARD = gnu11;
				GCC_NO_COMMON_BLOCKS = YES;
				GCC_WARN_64_TO_32_BIT_CONVERSION = YES;
				GCC_WARN_ABOUT_RETURN_TYPE = YES_ERROR;
				GCC_WARN_UNDECLARED_SELECTOR = YES;
				GCC_WARN_UNINITIALIZED_AUTOS = YES_AGGRESSIVE;
				GCC_WARN_UNUSED_FUNCTION = YES;
				GCC_WARN_UNUSED_VARIABLE = YES;
				IPHONEOS_DEPLOYMENT_TARGET = 16.2;
				MTL_ENABLE_DEBUG_INFO = NO;
				MTL_FAST_MATH = YES;
				SDKROOT = iphoneos;
				SWIFT_COMPILATION_MODE = wholemodule;
				SWIFT_OPTIMIZATION_LEVEL = "-O";
				VALIDATE_PRODUCT = YES;
			};
			name = Release;
		};
		FC1C92A729D825CE00EA0BC1 /* Debug */ = {
			isa = XCBuildConfiguration;
			buildSettings = {
				ASSETCATALOG_COMPILER_APPICON_NAME = AppIcon;
				ASSETCATALOG_COMPILER_GLOBAL_ACCENT_COLOR_NAME = AccentColor;
				CODE_SIGN_STYLE = Automatic;
				CURRENT_PROJECT_VERSION = 1;
				DEVELOPMENT_TEAM = WY78FBFM76;
				GENERATE_INFOPLIST_FILE = YES;
				INFOPLIST_FILE = musicPlayer/Info.plist;
				INFOPLIST_KEY_UIApplicationSupportsIndirectInputEvents = YES;
				INFOPLIST_KEY_UILaunchStoryboardName = LaunchScreen;
				INFOPLIST_KEY_UIMainStoryboardFile = Main;
				INFOPLIST_KEY_UISupportedInterfaceOrientations_iPad = "UIInterfaceOrientationPortrait UIInterfaceOrientationPortraitUpsideDown UIInterfaceOrientationLandscapeLeft UIInterfaceOrientationLandscapeRight";
				INFOPLIST_KEY_UISupportedInterfaceOrientations_iPhone = "UIInterfaceOrientationPortrait UIInterfaceOrientationLandscapeLeft UIInterfaceOrientationLandscapeRight";
				IPHONEOS_DEPLOYMENT_TARGET = 17.6;
				LD_RUNPATH_SEARCH_PATHS = (
					"$(inherited)",
					"@executable_path/Frameworks",
				);
				MARKETING_VERSION = 1.0;
				PRODUCT_BUNDLE_IDENTIFIER = Practice.musicPlayer;
				PRODUCT_NAME = "$(TARGET_NAME)";
				SWIFT_EMIT_LOC_STRINGS = YES;
				SWIFT_VERSION = 5.0;
				TARGETED_DEVICE_FAMILY = "1,2";
			};
			name = Debug;
		};
		FC1C92A829D825CE00EA0BC1 /* Release */ = {
			isa = XCBuildConfiguration;
			buildSettings = {
				ASSETCATALOG_COMPILER_APPICON_NAME = AppIcon;
				ASSETCATALOG_COMPILER_GLOBAL_ACCENT_COLOR_NAME = AccentColor;
				CODE_SIGN_STYLE = Automatic;
				CURRENT_PROJECT_VERSION = 1;
				DEVELOPMENT_TEAM = WY78FBFM76;
				GENERATE_INFOPLIST_FILE = YES;
				INFOPLIST_FILE = musicPlayer/Info.plist;
				INFOPLIST_KEY_UIApplicationSupportsIndirectInputEvents = YES;
				INFOPLIST_KEY_UILaunchStoryboardName = LaunchScreen;
				INFOPLIST_KEY_UIMainStoryboardFile = Main;
				INFOPLIST_KEY_UISupportedInterfaceOrientations_iPad = "UIInterfaceOrientationPortrait UIInterfaceOrientationPortraitUpsideDown UIInterfaceOrientationLandscapeLeft UIInterfaceOrientationLandscapeRight";
				INFOPLIST_KEY_UISupportedInterfaceOrientations_iPhone = "UIInterfaceOrientationPortrait UIInterfaceOrientationLandscapeLeft UIInterfaceOrientationLandscapeRight";
				IPHONEOS_DEPLOYMENT_TARGET = 17.6;
				LD_RUNPATH_SEARCH_PATHS = (
					"$(inherited)",
					"@executable_path/Frameworks",
				);
				MARKETING_VERSION = 1.0;
				PRODUCT_BUNDLE_IDENTIFIER = Practice.musicPlayer;
				PRODUCT_NAME = "$(TARGET_NAME)";
				SWIFT_EMIT_LOC_STRINGS = YES;
				SWIFT_VERSION = 5.0;
				TARGETED_DEVICE_FAMILY = "1,2";
			};
			name = Release;
		};
/* End XCBuildConfiguration section */

/* Begin XCConfigurationList section */
		FC1C928D29D825CD00EA0BC1 /* Build configuration list for PBXProject "bonus4" */ = {
			isa = XCConfigurationList;
			buildConfigurations = (
				FC1C92A429D825CE00EA0BC1 /* Debug */,
				FC1C92A529D825CE00EA0BC1 /* Release */,
			);
			defaultConfigurationIsVisible = 0;
			defaultConfigurationName = Release;
		};
		FC1C92A629D825CE00EA0BC1 /* Build configuration list for PBXNativeTarget "bonus4" */ = {
			isa = XCConfigurationList;
			buildConfigurations = (
				FC1C92A729D825CE00EA0BC1 /* Debug */,
				FC1C92A829D825CE00EA0BC1 /* Release */,
			);
			defaultConfigurationIsVisible = 0;
			defaultConfigurationName = Release;
		};
/* End XCConfigurationList section */
	};
	rootObject = FC1C928A29D825CD00EA0BC1 /* Project object */;
}
